<?xml version="1.0" encoding="utf-8"?>
<Project ToolsVersion="4.0" xmlns="http://schemas.microsoft.com/developer/msbuild/2003">
  <ItemGroup>
    <Filter Include="Source Files">
      <UniqueIdentifier>{4FC737F1-C7A5-4376-A066-2A32D752A2FF}</UniqueIdentifier>
      <Extensions>cpp;c;cc;cxx;def;odl;idl;hpj;bat;asm;asmx</Extensions>
    </Filter>
    <Filter Include="Header Files">
      <UniqueIdentifier>{93995380-89BD-4b04-88EB-625FBE52EBFB}</UniqueIdentifier>
      <Extensions>h;hh;hpp;hxx;hm;inl;inc;xsd</Extensions>
    </Filter>
    <Filter Include="Resource Files">
      <UniqueIdentifier>{67DA6AB6-F800-4c08-8B7A-83BB121AAD01}</UniqueIdentifier>
      <Extensions>rc;ico;cur;bmp;dlg;rc2;rct;bin;rgs;gif;jpg;jpeg;jpe;resx;tiff;tif;png;wav;mfcribbon-ms</Extensions>
    </Filter>
    <Filter Include="Source Files\GL4">
      <UniqueIdentifier>{f7f51b58-95f4-482d-9839-899ad9fc2983}</UniqueIdentifier>
    </Filter>
    <Filter Include="Header Files\GL4">
      <UniqueIdentifier>{14fa0acf-6fa4-411a-8665-bc22adb2257a}</UniqueIdentifier>
    </Filter>
    <Filter Include="Source Files\DX11">
      <UniqueIdentifier>{16c50278-0505-455e-af63-74a439fa187f}</UniqueIdentifier>
    </Filter>
    <Filter Include="Header Files\DX11">
      <UniqueIdentifier>{5b294c91-1e5f-4b09-a8ec-eecc83ecb1b7}</UniqueIdentifier>
    </Filter>
  </ItemGroup>
  <ItemGroup>
    <ClCompile Include="Source\Window.cpp">
      <Filter>Source Files</Filter>
    </ClCompile>
    <ClCompile Include="Source\GL4\GL4GraphicsDevice.cpp">
      <Filter>Source Files\GL4</Filter>
    </ClCompile>
    <ClCompile Include="Source\DX11\DX11GraphicsDevice.cpp">
      <Filter>Source Files\DX11</Filter>
    </ClCompile>
    <ClCompile Include="Include\Renderer\DX11\DX11VertexLayout.h">
      <Filter>Header Files\DX11</Filter>
    </ClCompile>
    <ClCompile Include="Source\RenderQueue.cpp">
      <Filter>Source Files</Filter>
    </ClCompile>
    <ClCompile Include="Source\MouseLookCamera.cpp">
      <Filter>Source Files</Filter>
    </ClCompile>
  </ItemGroup>
  <ItemGroup>
    <ClInclude Include="Include\Renderer\Window.h">
      <Filter>Header Files</Filter>
    </ClInclude>
    <ClInclude Include="Include\Renderer\GraphicsDevice.h">
      <Filter>Header Files</Filter>
    </ClInclude>
    <ClInclude Include="Include\Renderer\Pipeline.h">
      <Filter>Header Files</Filter>
    </ClInclude>
    <ClInclude Include="Include\Renderer\Buffer.h">
      <Filter>Header Files</Filter>
    </ClInclude>
    <ClInclude Include="Include\Renderer\Texture.h">
      <Filter>Header Files</Filter>
    </ClInclude>
    <ClInclude Include="Include\Renderer\Viewport.h">
      <Filter>Header Files</Filter>
    </ClInclude>
    <ClInclude Include="Include\Renderer\Shader.h">
      <Filter>Header Files</Filter>
    </ClInclude>
    <ClInclude Include="Include\Renderer\Enumerations.h">
      <Filter>Header Files</Filter>
    </ClInclude>
    <ClInclude Include="Include\Renderer\GL4\GL4Pipeline.h">
      <Filter>Header Files\GL4</Filter>
    </ClInclude>
    <ClInclude Include="Include\Renderer\GL4\GL4Shader.h">
      <Filter>Header Files\GL4</Filter>
    </ClInclude>
    <ClInclude Include="Include\Renderer\GL4\GL4Buffer.h">
      <Filter>Header Files\GL4</Filter>
    </ClInclude>
    <ClInclude Include="Include\Renderer\VertexLayout.h">
      <Filter>Header Files</Filter>
    </ClInclude>
    <ClInclude Include="Include\Renderer\GL4\GL4Texture.h">
      <Filter>Header Files\GL4</Filter>
    </ClInclude>
    <ClInclude Include="Include\Renderer\DX11\DX11Shader.h">
      <Filter>Header Files\DX11</Filter>
    </ClInclude>
    <ClInclude Include="Include\Renderer\DX11\DX11Pipeline.h">
      <Filter>Header Files\DX11</Filter>
    </ClInclude>
    <ClInclude Include="Include\Renderer\DX11\DX11Buffer.h">
      <Filter>Header Files\DX11</Filter>
    </ClInclude>
    <ClInclude Include="Include\Renderer\DX11\DX11Texture.h">
      <Filter>Header Files\DX11</Filter>
    </ClInclude>
    <ClInclude Include="Include\Renderer\RenderQueue.h">
      <Filter>Header Files</Filter>
    </ClInclude>
    <ClInclude Include="Include\Renderer\RenderCommand.h">
      <Filter>Header Files</Filter>
    </ClInclude>
    <ClInclude Include="Include\Renderer\RenderData.h">
      <Filter>Header Files</Filter>
    </ClInclude>
    <ClInclude Include="Include\Renderer\MouseLookCamera.h">
      <Filter>Header Files</Filter>
    </ClInclude>
    <ClInclude Include="Include\Renderer\RenderTarget.h">
      <Filter>Header Files</Filter>
    </ClInclude>
    <ClInclude Include="Include\Renderer\GL4\GL4RenderTarget.h">
      <Filter>Header Files\GL4</Filter>
    </ClInclude>
    <ClInclude Include="Include\Renderer\DX11\DX11RenderTarget.h">
      <Filter>Header Files\DX11</Filter>
    </ClInclude>
  </ItemGroup>
</Project>